{
  "version": 4,
  "terraform_version": "1.11.1",
  "serial": 21,
  "lineage": "b9783a65-4e4a-b6d6-f1dc-833c4d2ee617",
  "outputs": {
    "aks_fqdn": {
      "value": "youtube-3wf73dcd.hcp.ukwest.azmk8s.io",
      "type": "string"
    }
  },
  "resources": [
    {
      "mode": "managed",
      "type": "azurerm_resource_group",
      "name": "rg",
      "provider": "provider[\"registry.terraform.io/hashicorp/azurerm\"]",
      "instances": [
        {
          "schema_version": 0,
          "attributes": {
            "id": "/subscriptions/3f48a398-9208-4440-a19d-dad6871f363c/resourceGroups/youtube-aks-rg",
            "location": "ukwest",
            "managed_by": "",
            "name": "youtube-aks-rg",
            "tags": {},
            "timeouts": null
          },
          "sensitive_attributes": [],
          "private": "eyJlMmJmYjczMC1lY2FhLTExZTYtOGY4OC0zNDM2M2JjN2M0YzAiOnsiY3JlYXRlIjo1NDAwMDAwMDAwMDAwLCJkZWxldGUiOjU0MDAwMDAwMDAwMDAsInJlYWQiOjMwMDAwMDAwMDAwMCwidXBkYXRlIjo1NDAwMDAwMDAwMDAwfX0="
        }
      ]
    },
    {
      "module": "module.acr",
      "mode": "managed",
      "type": "azurerm_container_registry",
      "name": "acr",
      "provider": "provider[\"registry.terraform.io/hashicorp/azurerm\"]",
      "instances": [
        {
          "schema_version": 2,
          "attributes": {
            "admin_enabled": false,
            "admin_password": "",
            "admin_username": "",
            "anonymous_pull_enabled": false,
            "data_endpoint_enabled": false,
            "data_endpoint_host_names": [],
            "encryption": [],
            "export_policy_enabled": true,
            "georeplications": [],
            "id": "/subscriptions/3f48a398-9208-4440-a19d-dad6871f363c/resourceGroups/youtube-aks-rg/providers/Microsoft.ContainerRegistry/registries/youtubeclone",
            "identity": [],
            "location": "ukwest",
            "login_server": "youtubeclone.azurecr.io",
            "name": "youtubeclone",
            "network_rule_bypass_option": "AzureServices",
            "network_rule_set": [],
            "public_network_access_enabled": true,
            "quarantine_policy_enabled": false,
            "resource_group_name": "youtube-aks-rg",
            "retention_policy_in_days": 0,
            "sku": "Standard",
            "tags": {},
            "timeouts": null,
            "trust_policy_enabled": false,
            "zone_redundancy_enabled": false
          },
          "sensitive_attributes": [
            [
              {
                "type": "get_attr",
                "value": "admin_password"
              }
            ]
          ],
          "private": "eyJlMmJmYjczMC1lY2FhLTExZTYtOGY4OC0zNDM2M2JjN2M0YzAiOnsiY3JlYXRlIjoxODAwMDAwMDAwMDAwLCJkZWxldGUiOjE4MDAwMDAwMDAwMDAsInJlYWQiOjMwMDAwMDAwMDAwMCwidXBkYXRlIjoxODAwMDAwMDAwMDAwfSwic2NoZW1hX3ZlcnNpb24iOiIyIn0="
        }
      ]
    },
    {
      "module": "module.aks",
      "mode": "managed",
      "type": "azurerm_kubernetes_cluster",
      "name": "aks",
      "provider": "provider[\"registry.terraform.io/hashicorp/azurerm\"]",
      "instances": [
        {
          "schema_version": 2,
          "attributes": {
            "aci_connector_linux": [],
            "api_server_access_profile": [],
            "auto_scaler_profile": [],
            "automatic_upgrade_channel": "",
            "azure_active_directory_role_based_access_control": [],
            "azure_policy_enabled": null,
            "confidential_computing": [],
            "cost_analysis_enabled": false,
            "current_kubernetes_version": "1.32.6",
            "custom_ca_trust_certificates_base64": [],
            "default_node_pool": [
              {
                "auto_scaling_enabled": false,
                "capacity_reservation_group_id": "",
                "fips_enabled": false,
                "gpu_instance": "",
                "host_encryption_enabled": false,
                "host_group_id": "",
                "kubelet_config": [],
                "kubelet_disk_type": "OS",
                "linux_os_config": [],
                "max_count": 0,
                "max_pods": 30,
                "min_count": 0,
                "name": "default",
                "node_count": 2,
                "node_labels": {},
                "node_network_profile": [],
                "node_public_ip_enabled": false,
                "node_public_ip_prefix_id": "",
                "only_critical_addons_enabled": false,
                "orchestrator_version": "1.32",
                "os_disk_size_gb": 128,
                "os_disk_type": "Managed",
                "os_sku": "Ubuntu",
                "pod_subnet_id": "",
                "proximity_placement_group_id": "",
                "scale_down_mode": "Delete",
                "snapshot_id": "",
                "tags": {},
                "temporary_name_for_rotation": "",
                "type": "VirtualMachineScaleSets",
                "ultra_ssd_enabled": false,
                "upgrade_settings": [
                  {
                    "drain_timeout_in_minutes": 0,
                    "max_surge": "10%",
                    "node_soak_duration_in_minutes": 0
                  }
                ],
                "vm_size": "Standard_DS2_v2",
                "vnet_subnet_id": "/subscriptions/3f48a398-9208-4440-a19d-dad6871f363c/resourceGroups/youtube-aks-rg/providers/Microsoft.Network/virtualNetworks/youtube-vnet/subnets/aks-subnet",
                "workload_runtime": "",
                "zones": []
              }
            ],
            "disk_encryption_set_id": "",
            "dns_prefix": "youtube",
            "dns_prefix_private_cluster": "",
            "edge_zone": "",
            "fqdn": "youtube-3wf73dcd.hcp.ukwest.azmk8s.io",
            "http_application_routing_enabled": null,
            "http_application_routing_zone_name": null,
            "http_proxy_config": [],
            "id": "/subscriptions/3f48a398-9208-4440-a19d-dad6871f363c/resourceGroups/youtube-aks-rg/providers/Microsoft.ContainerService/managedClusters/youtube-aks",
            "identity": [
              {
                "identity_ids": [
                  "/subscriptions/3f48a398-9208-4440-a19d-dad6871f363c/resourceGroups/youtube-aks-rg/providers/Microsoft.ManagedIdentity/userAssignedIdentities/youtube-aks-uami"
                ],
                "principal_id": "",
                "tenant_id": "",
                "type": "UserAssigned"
              }
            ],
            "image_cleaner_enabled": null,
            "image_cleaner_interval_hours": null,
            "ingress_application_gateway": [],
            "key_management_service": [],
            "key_vault_secrets_provider": [],
            "kube_admin_config": [],
            "kube_admin_config_raw": "",
            "kube_config": [
              {
                "client_certificate": "LS0tLS1CRUdJTiBDRVJUSUZJQ0FURS0tLS0tCk1JSUZIakNDQXdhZ0F3SUJBZ0lSQUlUTFRZYjh0WTZGNDVMUXBjL0k0bk13RFFZSktvWklodmNOQVFFTEJRQXcKRFRFTE1Ba0dBMVVFQXhNQ1kyRXdIaGNOTWpVd09EQXpNVEV5TmpRM1doY05NamN3T0RBek1URXpOalEzV2pBdwpNUmN3RlFZRFZRUUtFdzV6ZVhOMFpXMDZiV0Z6ZEdWeWN6RVZNQk1HQTFVRUF4TU1iV0Z6ZEdWeVkyeHBaVzUwCk1JSUNJakFOQmdrcWhraUc5dzBCQVFFRkFBT0NBZzhBTUlJQ0NnS0NBZ0VBd1JZQU5lR3pJZi9tV1BZaG9iOEUKYlYzVWI5ZFFQZU1Sb3NYSlFteWVxY0wwRldlcjhNSjFub1RHRjhtK2RvRHZMdXZTWTl6cmg0eTgwUVltZngwcApsMzREdlhOSy9WOFlnYVJYVHExWHJmVU5FdnlBa0tNcUxhMWUzL2lzOU9ST3BCOG13Z2VFcHluVzlINW1RVXdsCmVZclVldUNCWC9iend4MVVpYXJSY3JhcTZ5WlhlVzBUZ3o4MGErK1lmWUZUSlRnNnp5RXNvQmZOTW4xWlZKZFMKSjF2U3JPdnkzVVI4RGJkNkY2UWRGUWVjdmlZdVVQc0V5T2tPUU1rNTNWOTJzVnFTZm8zRmZ1T3p0Z2NmNllKRAp3NVdzZ3NERG1OMEJreVVvRlJ2UW5XVDNTZVZJdEdUMkM2eE05WEJGQW1Sa3RlVzU1SHdla01ReWRRTE5zMDMrCnJyUXhtUFEvWmw5bmRwcHpkMzFVK2JQSWVCUHUxc1NYUGUrb2Z6VER2cHNKNmwrbWVQZUgyRjZMV29ha1Z2d0YKV0JIRk5Wb1lmVG5GQnNkYXVGQjE5WjFFazkxaUNjaC9oU0drUW1zdkFiQ3A4VWJWVGhVVG9EYXprMnRKU2g1OQpqM3RCSFZPeFJiSjlRN2NWblZIOXNHUHRDclZ5WmVIWDJIc1pQYmVZNnVybzVqOXhiS3NCSERMME9wNVlhdU5nCk9LeVVUbGNYV2ZhWTE2d1pJMnZvVXVNbmZQanR1VlJOZGZHR3I0QWJVQ2MydG5mSWFHc3JVaUJvWWg3K214dFIKL2VrTXJKNDdFQzFPQjlVaGR4aEsyaDVubVRuN1ZRekx1V25TRm5JZU8wUno3L3l5TVFnMGNOWExma0FtT3phQgp3YXUwc2J0MTlRc3JJa0JjWmRsV2h2Y0NBd0VBQWFOV01GUXdEZ1lEVlIwUEFRSC9CQVFEQWdXZ01CTUdBMVVkCkpRUU1NQW9HQ0NzR0FRVUZCd01DTUF3R0ExVWRFd0VCL3dRQ01BQXdId1lEVlIwakJCZ3dGb0FVbUszL3ZibFEKdHBqNVdLUzZqaFM5MXFpYlVZWXdEUVlKS29aSWh2Y05BUUVMQlFBRGdnSUJBS0V6Z0FGN3l3VXhsZXZhWDBtbwpPejA5UHlQckZEcWZrWm1wRmJhcU9DSWVDSWh4bmZEVTJjbkhkMTNOb1VUVWF5R3RhbEVuSkY3S1RzMnFYeTByClBqcFBGa1UwU042YXRDT2ZlQmpKLzVoVkpFMTh6bFcrTjcvR2UxNDRtbzI5L1dKWHczVDN1UzRVZlp0Y213cTAKRHRtNDFpa1RUcC9IY0lDWnQvVmlSL2dYai9DcHVCeDFpaXVNeVZJQmthTTYrM1krSE9NZkp3QWQzSHgzbWlYQgpaRGdiL1hrQ0YwM3NxMWVzM1pLVnlzMWtyVDVpRWE3dXZObFFCSTdPMlNmOFc2VzJPeGx1b0RlZ1ByMjQzTm9qCm96TzI2RWRadEVnTWpMejdTRDV1ZVp6ejUrVE5Lc2E2OWJlOWtvWUFuSDJoKzdYaFhqV0VUeE10eG5jV1Z2b0kKWHZmVC96ZDRCVGdZMUduSndFa3g5RWVDQXJCdFlqZTJaOEtSOFl2bnFYK2NqdmNNR1RhU0NheG1FTkV1enBRUApsU1Q1eHYvUUNpY2l3YXo1N2crTy9nTndzOXRlZ0psNjIvWmIwZTIvS1lIVnM4NFZMa24wVFoxTjRodnRvaGhhCnpBMG5QeVpNSXZ2UUJueGh0NnV2cE8wN1A0UUhFNnpEdTdQN3VBQUJUWlJ6RnVpcURKWkRKV3VSQWI3c3hYTisKV0IzUlRXTHlUZ3VTa0VBNGtablhUNDg2aDNaRHFwZGdXeUtseE5tMWpxcmNycjB5cmtGdXJzeGc0bE8wMjh4dAo4bkFrWGhQZjdJQjlXSTZiTktRZUxGeC9XMWlwRzlYOVdvRDFDdm14Z2FYT2cwZkNSNCtTdThFOE9Gem94b1lBCndjODdUMEl2MWtSU3NxNEtvcElRaGF0NgotLS0tLUVORCBDRVJUSUZJQ0FURS0tLS0tCg==",
                "client_key": "LS0tLS1CRUdJTiBSU0EgUFJJVkFURSBLRVktLS0tLQpNSUlKS1FJQkFBS0NBZ0VBd1JZQU5lR3pJZi9tV1BZaG9iOEViVjNVYjlkUVBlTVJvc1hKUW15ZXFjTDBGV2VyCjhNSjFub1RHRjhtK2RvRHZMdXZTWTl6cmg0eTgwUVltZngwcGwzNER2WE5LL1Y4WWdhUlhUcTFYcmZVTkV2eUEKa0tNcUxhMWUzL2lzOU9ST3BCOG13Z2VFcHluVzlINW1RVXdsZVlyVWV1Q0JYL2J6d3gxVWlhclJjcmFxNnlaWAplVzBUZ3o4MGErK1lmWUZUSlRnNnp5RXNvQmZOTW4xWlZKZFNKMXZTck92eTNVUjhEYmQ2RjZRZEZRZWN2aVl1ClVQc0V5T2tPUU1rNTNWOTJzVnFTZm8zRmZ1T3p0Z2NmNllKRHc1V3Nnc0REbU4wQmt5VW9GUnZRbldUM1NlVkkKdEdUMkM2eE05WEJGQW1Sa3RlVzU1SHdla01ReWRRTE5zMDMrcnJReG1QUS9abDluZHBwemQzMVUrYlBJZUJQdQoxc1NYUGUrb2Z6VER2cHNKNmwrbWVQZUgyRjZMV29ha1Z2d0ZXQkhGTlZvWWZUbkZCc2RhdUZCMTlaMUVrOTFpCkNjaC9oU0drUW1zdkFiQ3A4VWJWVGhVVG9EYXprMnRKU2g1OWozdEJIVk94UmJKOVE3Y1ZuVkg5c0dQdENyVnkKWmVIWDJIc1pQYmVZNnVybzVqOXhiS3NCSERMME9wNVlhdU5nT0t5VVRsY1hXZmFZMTZ3Wkkydm9VdU1uZlBqdAp1VlJOZGZHR3I0QWJVQ2MydG5mSWFHc3JVaUJvWWg3K214dFIvZWtNcko0N0VDMU9COVVoZHhoSzJoNW5tVG43ClZRekx1V25TRm5JZU8wUno3L3l5TVFnMGNOWExma0FtT3phQndhdTBzYnQxOVFzcklrQmNaZGxXaHZjQ0F3RUEKQVFLQ0FnQUVxdE9reng0RmpOOS9EVmdMeGwwYU13SHZGWDBrT2RNVHp3UjBrc0UvdmtMVEtreUpoeWNtVy9SRAozL0JoZ2ZBR0tpb2k3WDlUVS9vVHlBL0hLU2ZORGRLVHA1cWc4WnNGNEkzc1lodno5d1ZJRFFyTjN1Wjc4SUc4CndwQ1ZETmhxZHR4T0pXQzEvN2krbm8yUE40TFNZM2VMdVlDTWJDRHIrYVN3L1Ria2pIalRoL3VRL1FEVFBvUmcKWURiSFFJaUhlNS81b01ZbzM5cHB4WVk5YnJqMjB1MDVROWQ4MzJwcmxIWDRPMU1wVG5sTXBBbjJQWDNFbmltUQozd0d0NXdzQjhpYXlDM0JDTWNreGRiajJRVEZYenN3NjVEajJLWHJLYnBsVTcvVmFKZllrOXZkaEc1aFNUajhWClVicEJVQXhGS2dFLzAzdVRxVUp2cEtVMGw5dmlSMjRsVzREdXUwdTU4WUdaLzEvR0pRb3hBSDFtd2ZWZEx6OWMKZHhYQ2p0Mlh1WHVka240a3pQcWlEengyM3c2cXFCRGlSUFladGkxbzVBY09STThhQjNoaTlhVWkwbUtRUThoYwpHN3JGWmtrNSs4NG1FbFNVWWx6U28zSzBvQ0RWaXhja1d0NFQxaHdVNHAxT1J3SmV3a3duUTU4R01WTVBRazJmCmNPelV3UE5sYy95ZXRxU2hqOWFUdlcyT3B6eUg5TkZaeGRGR0I1QnpoV2YrcnRRT3FwNXJ0VFcrcXNUajU3d0oKR1k0b2U0OE5BRGxaZTg2cDdkZGdqUGkvUTdHNHZ0N1RaM3VxSk4yZWp6b3pCdHkxSDNiVTlsU2g3YzlsZjJBMgp0ZFRBZEFvc3RhQldnWmhib2VocVRCdFgyNXk5MTNrdkhuUEpTdnQ1Y0R3a2RVenplUUtDQVFFQTcvczFuY0o0Ck1YSkllWktvejFWQUw2QjVYZnVIYms0VFNnK0dLeStnK3NtNTVDb2VRQXVBSzFiWU12cW10ODNlZkdJeTVoYlQKeUQxdWVZRkpRUHZUQVBMZ0s4VWZGSXdWV1Y1NlUyVUh1Vm1udVplU1JkOE9PYmNhTkVndER0eG5ySGVQdTEvRword05MWkg2YVZsUUxUZFpLVzFoM21yZzVlT2FHTHdBejFQYnpOMktWVC9EZExEcVZwT09qd09nek5hUDdIZEF1ClgycU80cDJhdXg1MjJRQlpUQ0ozTXFyZmV4WHFXVHdqbGV1OHBrWWRtQ2xwTlE2aXltNGU2bEZ1WFJCRXI4RFIKZnc2VzhLOXBkVFpidkNrcHZHaXZiMEVLdzRPSERzR2VtY0FWSlhSejROQkNzV0RlZWI2bzlvcmliakpkK2VYMgoyc3ZyWitMeFNMbTZXUUtDQVFFQXpmbHlFclJFV3hQZlQ2NUhzY2VRNEpCR0J3anpmWmF2SStGQkNkMktGN08zCjNRSi82OEZNeVpWMlhOZmNrVzJUZTQwaC9YRFFiTDR0Y1gyWS9ZaVkrR3JYaVduR3FiVTVSSGZsSE1xRmFycWEKV0o2R1JRTjlnRndjODZ0dFdVeGVkNmZKcDR2b05mRG9abjFWdVl0Mm1YVEt5TnVjU213bTJ0ZEVKTjl3bFR2cwpaZHEvUENSd25ZQnMrc0U2WTEvK0l1SndtNHk4aTFWUzJ5elNITEtydnpYdFA3SDg2U3lDNm5wd1lOOEJvTDlECmhGNlpZOVNSN0o3dDVUT043RVZibXRDS2tsUHp4a2lWVzVWRWl6dTErUnFnVWpIeEYycHJuMjZFRWFjUU1LWEkKU2Y3dnFoZlhlMjRRdXJGZnV2cW1iaXhYYklYVGtHMG15Vm9TNmhLQnp3S0NBUUVBek9YYi9YclJUTWFiQXRJcAp0L3k5OU93N00vZFN4dWQ2cUwxZ2ZQY0pwNWNkVktaeGRaVmNOYVRNcTVvL1JxaEwwaisxM2FhWDVGd3ZPeWNiCitKUUtzTUN1ampDY1BOcnVUNFBQUmV6NUQxUnhWSkVKbndhNENxYy9oR3dycklpYkxESlpVazZRZ2pscDRjQUcKM3JhYmdEWDYvc3NtTThBZnNnNkJleGZkS1hSQWJZV0tudHEwdk5LNGVqU3kyRDVwbXQ4THhZUytVMUdUOWdGQwozNGsvU0VCMy9mMWZjSzljYUtkcGxBODVBd1JuNmovcmZNTyt4RUplMUIvNTNXN3hvQndIeVZnRWgwdFpyTjdZClYrKzFtNDQ1eUZoSmtlQWk1SlFrZUlEd2ZhMzNZQ2R4MlAxNE5DTFZVWFZzcGpRbTZKZXdqWEcvdDBodEVpSSsKaVMycTRRS0NBUUFjMnM0Vk9yVzh3SnJ2RWE0dmhKS1NNd1BzWmwrZC8yY0hzcjJtd1NkZ1RLZjhTU1pjZzViYgpRcG56UmJZN2xVc3M2c2VSTnFXc0pqUTlpdWZNMUw4QlJnNXR6S2l0QzVzN01VU2lkT2lkM0FoVlU5ZmhnU3lxCnQ3ekNrZ2hla3lsRXYvZXJCaG1BdlFBQm81dEh3L2JZWnBrbDdFWUgwd0RhZFgreFhxL3A2QndrNUxFWG5zODcKOFVyVEVoQzQ3VEN2K0dMb0Y1NHVNc1RKdVl5eHdvSDI1bm9YQ3pzdit6Rlg0ZEV1Y085TWNwN2x3MDdmd2w2eQo5RXpGYUNTQXJmSzRUSEN0TVIrY2JueWwrTkpDWXhvS0RLWGEvZTRWWnE0dkJvOXYzYVNSL0JlRDdqZnE3eTRiCnQzNldlTlM5WC9IQ3kybHY1WXVPMXd1dzkzSmc0ampYQW9JQkFRRHI2bUl2czVhdXNVMlVHUDFCb0RYSmxjWksKcmFkdm80M2xaNGRabFoxSnEzSjBFU25STzBNZ09Ca3FpVjRqZjZCUUlJTEJTY051TUVMT1JVU0FOc0drSXhuawpPNko4ekF6OU83OXpZS1JpVkh6WjRtS0JkUjFVeW5LZzBjNml6aFBMQkVYOW9hb1FtRC84YWZJTStVQWdSa290ClpjU0lGSGxWanh1SjB2Y0U4ckpMZlBRcWg0amJZR2dtSHlXUS9oR2NlTGQwZ0JpQTFMUmlQQUtqdFlSQlNJckkKT2gzUHpJdDBvUW5PeGJCNmtuQzhGU0lXeHlsdWhpU2Q4S3llS2xDdXRiWk03cmR5UWZxWlFLM0hEeXJSZ3c0ZApzWC9pTmVsS0diM2NBbC9BR0tqOWMzdVExV0piendNN0NFbjFNQTBuYktlWW5MYTRpMGdleHBGMWxiMDgKLS0tLS1FTkQgUlNBIFBSSVZBVEUgS0VZLS0tLS0K",
                "cluster_ca_certificate": "LS0tLS1CRUdJTiBDRVJUSUZJQ0FURS0tLS0tCk1JSUU2VENDQXRHZ0F3SUJBZ0lSQUpwb0RudUZFa1RVUkNDemk3V2FONDR3RFFZSktvWklodmNOQVFFTEJRQXcKRFRFTE1Ba0dBMVVFQXhNQ1kyRXdJQmNOTWpVd09EQXpNVEV5TmpRM1doZ1BNakExTlRBNE1ETXhNVE0yTkRkYQpNQTB4Q3pBSkJnTlZCQU1UQW1OaE1JSUNJakFOQmdrcWhraUc5dzBCQVFFRkFBT0NBZzhBTUlJQ0NnS0NBZ0VBCnlsa2hjMU8rZTRGdDhxcmd0RW1qZ0wxTEVvQnpTZ2N6eFRPaHBYOE1zSXhUUHFvdndSd0REeVlka3NPbHFENFAKaGxzdnFsM21Tekd0b0QreHcvYU9PZ3gva01HUG5ZSWYyU3NrbTZUUnMyYWVXdzdWQ09zRUZqQWhGcGpnNUd5SwpUMEROWnVsMDRGcVdBeW9vdVZMZkxiTGM1QittV1NIZ01pNWR2TS9NOG1qdlJ0aWZydkNaN0NIaHNGMDEzaVErCjZPVkFCNXo2aUxBaHhpMTBmY3dvUTVwY3VaL1c1bk1RTnMxZ3JxZFlTaG45RjI2QUhESHFKUzFiUmlndGprSjQKUEkrQVM2UzlFb2MyV1l6NTFQSzVmSkRLSE1NeXlwWWJ6OHA1Nzkzd2RZM0xtY0FtNW80TVowTEEyd0NYNG43OApiaWVtQklmdmpzMEhHeTBuaXg5aC95MU9FK2pmWTBZSDF4dUJtU1BjMGwzanZVbnVZbDdBNHRDWVV2ejNlWFVjCkVEM1A3dHljaytXM0dmUmRDcWZ6MEpwME5ISWNZZWRsSEcwN3ZoUnphOUlnZk1UNjhTQmVROGNhTVpXN2VwT2sKWkpORTNBT09JOHBTNGNTTU9sWlR6UmpFODJaYW81WXVEeENlblVHQyt3ZTIxZG5VNEdoVUZNbGQveWo2QXlxbQpQdjZ0ZG1HUytLc3Iva2NKdHhPTU4yaDVMSHYzSFY5aXFmN1Babml3UGZTcHlycjhCWlAwaFJVQ1d2Q0N2cldnCllBMlYzM3lFbzh3QTBBdHFFem9VcGY1TjNaeUQyZFg5TnkwOEpoamdjMUU5d3ltVENLQVlZVDM1VEFxcm5GZWMKamVOZkJTaDkxNzRGcjMyL1RrR0RRRXlTQzRybkdlYW14V3lFS0tHOCtRMENBd0VBQWFOQ01FQXdEZ1lEVlIwUApBUUgvQkFRREFnS2tNQThHQTFVZEV3RUIvd1FGTUFNQkFmOHdIUVlEVlIwT0JCWUVGSml0LzcyNVVMYVkrVmlrCnVvNFV2ZGFvbTFHR01BMEdDU3FHU0liM0RRRUJDd1VBQTRJQ0FRQ0RpWlJ3MFYzbjJMNURTK05CTUhuNzRXZEgKcXBqaG9vYVNuNDFiZ1oyWEMxaFM0T083SUVOeU54RURsbGU1b0VHaW9wd2tVUmoxQnVoMklTMWZvaW4walU2NQpSQ2h3aXpYalkxYVRVWFRFZzRIcU9SaU5wQy9vNUJrWjJZRnNydSt6UHY3bGRxMjZ1Z25LUjB2UWRQd2h2UU9ECkxZTURmQ3ExMm4yNnBEUCtEbzRvUDdaQmFPRlkybERZOUdYWEozQVpVTUZoQlBpVi9OUUhJVWxpMm9kRlRJVXUKK0toWDByeEEzWm1yZXNVUzIxQVkzc1E0YWtZTHZvell1VVAyUnE1Qis0eXFmMnYxdDE1bWQzcTVMZTYzSWZWeQovMngwdHdSSmpDUEtnUGI0ZndMd2h4MlV3Mk9nTWViRFBhcG9QbUNRSmdnYVAzZVVwZGN6UTRGYUh6YkJSbldNCmFLVk1UMXVuamNlNkl3TE5yZFVaL2dxcldETXZhTzM5RVNsUW5aaFBXdkJoRGxZd2ZrbHlmUVArVkpmZEZaVm4KZDlKWXdaRERTaFlEeStpemp4ellubzhOTDBqUDhMU0JEV3hJY0FVS09kL3ptbzRYQWNLUURiUEcwblFGMDM4VgozcDN5ME1Bbm91V1VTSk9WZjUzVS9YYUpYNlNPalVVcVEvaWljelYwQWJaMHBnSUY0bCtYWXZ6cjhDdmx5Q09OCkMzQ1V3a3RUcW1pUnRQWldEd2kxaUk5RkJ3d3pMQUg1WWRkaE9xdTRRVVEvMUJYTXVmajRBU0hnc0pUTlNUTUgKVjJHbFQ5WHU2bWl4YzdXWnE2ZUJLN0JTdjluWWJIQlJaNVRVQngxQkp5YnBma3IrYzBXSVRFTE9hQzN0SkNXawplaXFyOEdtVEV4Z2pkdDZlUWc9PQotLS0tLUVORCBDRVJUSUZJQ0FURS0tLS0tCg==",
                "host": "https://youtube-3wf73dcd.hcp.ukwest.azmk8s.io:443",
                "password": "nlce6hdfh2j8b1m1wwg682wglwyy48g1h5o1mhtliix139p23ozuz53kvsu0xe130sziey153ii1ayk736dxl3ewktsowscsxkkvogum4kr3yek8fjerttnwdu4x8oi8",
                "username": "clusterUser_youtube-aks-rg_youtube-aks"
              }
            ],
            "kube_config_raw": "apiVersion: v1\nclusters:\n- cluster:\n    certificate-authority-data: LS0tLS1CRUdJTiBDRVJUSUZJQ0FURS0tLS0tCk1JSUU2VENDQXRHZ0F3SUJBZ0lSQUpwb0RudUZFa1RVUkNDemk3V2FONDR3RFFZSktvWklodmNOQVFFTEJRQXcKRFRFTE1Ba0dBMVVFQXhNQ1kyRXdJQmNOTWpVd09EQXpNVEV5TmpRM1doZ1BNakExTlRBNE1ETXhNVE0yTkRkYQpNQTB4Q3pBSkJnTlZCQU1UQW1OaE1JSUNJakFOQmdrcWhraUc5dzBCQVFFRkFBT0NBZzhBTUlJQ0NnS0NBZ0VBCnlsa2hjMU8rZTRGdDhxcmd0RW1qZ0wxTEVvQnpTZ2N6eFRPaHBYOE1zSXhUUHFvdndSd0REeVlka3NPbHFENFAKaGxzdnFsM21Tekd0b0QreHcvYU9PZ3gva01HUG5ZSWYyU3NrbTZUUnMyYWVXdzdWQ09zRUZqQWhGcGpnNUd5SwpUMEROWnVsMDRGcVdBeW9vdVZMZkxiTGM1QittV1NIZ01pNWR2TS9NOG1qdlJ0aWZydkNaN0NIaHNGMDEzaVErCjZPVkFCNXo2aUxBaHhpMTBmY3dvUTVwY3VaL1c1bk1RTnMxZ3JxZFlTaG45RjI2QUhESHFKUzFiUmlndGprSjQKUEkrQVM2UzlFb2MyV1l6NTFQSzVmSkRLSE1NeXlwWWJ6OHA1Nzkzd2RZM0xtY0FtNW80TVowTEEyd0NYNG43OApiaWVtQklmdmpzMEhHeTBuaXg5aC95MU9FK2pmWTBZSDF4dUJtU1BjMGwzanZVbnVZbDdBNHRDWVV2ejNlWFVjCkVEM1A3dHljaytXM0dmUmRDcWZ6MEpwME5ISWNZZWRsSEcwN3ZoUnphOUlnZk1UNjhTQmVROGNhTVpXN2VwT2sKWkpORTNBT09JOHBTNGNTTU9sWlR6UmpFODJaYW81WXVEeENlblVHQyt3ZTIxZG5VNEdoVUZNbGQveWo2QXlxbQpQdjZ0ZG1HUytLc3Iva2NKdHhPTU4yaDVMSHYzSFY5aXFmN1Babml3UGZTcHlycjhCWlAwaFJVQ1d2Q0N2cldnCllBMlYzM3lFbzh3QTBBdHFFem9VcGY1TjNaeUQyZFg5TnkwOEpoamdjMUU5d3ltVENLQVlZVDM1VEFxcm5GZWMKamVOZkJTaDkxNzRGcjMyL1RrR0RRRXlTQzRybkdlYW14V3lFS0tHOCtRMENBd0VBQWFOQ01FQXdEZ1lEVlIwUApBUUgvQkFRREFnS2tNQThHQTFVZEV3RUIvd1FGTUFNQkFmOHdIUVlEVlIwT0JCWUVGSml0LzcyNVVMYVkrVmlrCnVvNFV2ZGFvbTFHR01BMEdDU3FHU0liM0RRRUJDd1VBQTRJQ0FRQ0RpWlJ3MFYzbjJMNURTK05CTUhuNzRXZEgKcXBqaG9vYVNuNDFiZ1oyWEMxaFM0T083SUVOeU54RURsbGU1b0VHaW9wd2tVUmoxQnVoMklTMWZvaW4walU2NQpSQ2h3aXpYalkxYVRVWFRFZzRIcU9SaU5wQy9vNUJrWjJZRnNydSt6UHY3bGRxMjZ1Z25LUjB2UWRQd2h2UU9ECkxZTURmQ3ExMm4yNnBEUCtEbzRvUDdaQmFPRlkybERZOUdYWEozQVpVTUZoQlBpVi9OUUhJVWxpMm9kRlRJVXUKK0toWDByeEEzWm1yZXNVUzIxQVkzc1E0YWtZTHZvell1VVAyUnE1Qis0eXFmMnYxdDE1bWQzcTVMZTYzSWZWeQovMngwdHdSSmpDUEtnUGI0ZndMd2h4MlV3Mk9nTWViRFBhcG9QbUNRSmdnYVAzZVVwZGN6UTRGYUh6YkJSbldNCmFLVk1UMXVuamNlNkl3TE5yZFVaL2dxcldETXZhTzM5RVNsUW5aaFBXdkJoRGxZd2ZrbHlmUVArVkpmZEZaVm4KZDlKWXdaRERTaFlEeStpemp4ellubzhOTDBqUDhMU0JEV3hJY0FVS09kL3ptbzRYQWNLUURiUEcwblFGMDM4VgozcDN5ME1Bbm91V1VTSk9WZjUzVS9YYUpYNlNPalVVcVEvaWljelYwQWJaMHBnSUY0bCtYWXZ6cjhDdmx5Q09OCkMzQ1V3a3RUcW1pUnRQWldEd2kxaUk5RkJ3d3pMQUg1WWRkaE9xdTRRVVEvMUJYTXVmajRBU0hnc0pUTlNUTUgKVjJHbFQ5WHU2bWl4YzdXWnE2ZUJLN0JTdjluWWJIQlJaNVRVQngxQkp5YnBma3IrYzBXSVRFTE9hQzN0SkNXawplaXFyOEdtVEV4Z2pkdDZlUWc9PQotLS0tLUVORCBDRVJUSUZJQ0FURS0tLS0tCg==\n    server: https://youtube-3wf73dcd.hcp.ukwest.azmk8s.io:443\n  name: youtube-aks\ncontexts:\n- context:\n    cluster: youtube-aks\n    user: clusterUser_youtube-aks-rg_youtube-aks\n  name: youtube-aks\ncurrent-context: youtube-aks\nkind: Config\npreferences: {}\nusers:\n- name: clusterUser_youtube-aks-rg_youtube-aks\n  user:\n    client-certificate-data: LS0tLS1CRUdJTiBDRVJUSUZJQ0FURS0tLS0tCk1JSUZIakNDQXdhZ0F3SUJBZ0lSQUlUTFRZYjh0WTZGNDVMUXBjL0k0bk13RFFZSktvWklodmNOQVFFTEJRQXcKRFRFTE1Ba0dBMVVFQXhNQ1kyRXdIaGNOTWpVd09EQXpNVEV5TmpRM1doY05NamN3T0RBek1URXpOalEzV2pBdwpNUmN3RlFZRFZRUUtFdzV6ZVhOMFpXMDZiV0Z6ZEdWeWN6RVZNQk1HQTFVRUF4TU1iV0Z6ZEdWeVkyeHBaVzUwCk1JSUNJakFOQmdrcWhraUc5dzBCQVFFRkFBT0NBZzhBTUlJQ0NnS0NBZ0VBd1JZQU5lR3pJZi9tV1BZaG9iOEUKYlYzVWI5ZFFQZU1Sb3NYSlFteWVxY0wwRldlcjhNSjFub1RHRjhtK2RvRHZMdXZTWTl6cmg0eTgwUVltZngwcApsMzREdlhOSy9WOFlnYVJYVHExWHJmVU5FdnlBa0tNcUxhMWUzL2lzOU9ST3BCOG13Z2VFcHluVzlINW1RVXdsCmVZclVldUNCWC9iend4MVVpYXJSY3JhcTZ5WlhlVzBUZ3o4MGErK1lmWUZUSlRnNnp5RXNvQmZOTW4xWlZKZFMKSjF2U3JPdnkzVVI4RGJkNkY2UWRGUWVjdmlZdVVQc0V5T2tPUU1rNTNWOTJzVnFTZm8zRmZ1T3p0Z2NmNllKRAp3NVdzZ3NERG1OMEJreVVvRlJ2UW5XVDNTZVZJdEdUMkM2eE05WEJGQW1Sa3RlVzU1SHdla01ReWRRTE5zMDMrCnJyUXhtUFEvWmw5bmRwcHpkMzFVK2JQSWVCUHUxc1NYUGUrb2Z6VER2cHNKNmwrbWVQZUgyRjZMV29ha1Z2d0YKV0JIRk5Wb1lmVG5GQnNkYXVGQjE5WjFFazkxaUNjaC9oU0drUW1zdkFiQ3A4VWJWVGhVVG9EYXprMnRKU2g1OQpqM3RCSFZPeFJiSjlRN2NWblZIOXNHUHRDclZ5WmVIWDJIc1pQYmVZNnVybzVqOXhiS3NCSERMME9wNVlhdU5nCk9LeVVUbGNYV2ZhWTE2d1pJMnZvVXVNbmZQanR1VlJOZGZHR3I0QWJVQ2MydG5mSWFHc3JVaUJvWWg3K214dFIKL2VrTXJKNDdFQzFPQjlVaGR4aEsyaDVubVRuN1ZRekx1V25TRm5JZU8wUno3L3l5TVFnMGNOWExma0FtT3phQgp3YXUwc2J0MTlRc3JJa0JjWmRsV2h2Y0NBd0VBQWFOV01GUXdEZ1lEVlIwUEFRSC9CQVFEQWdXZ01CTUdBMVVkCkpRUU1NQW9HQ0NzR0FRVUZCd01DTUF3R0ExVWRFd0VCL3dRQ01BQXdId1lEVlIwakJCZ3dGb0FVbUszL3ZibFEKdHBqNVdLUzZqaFM5MXFpYlVZWXdEUVlKS29aSWh2Y05BUUVMQlFBRGdnSUJBS0V6Z0FGN3l3VXhsZXZhWDBtbwpPejA5UHlQckZEcWZrWm1wRmJhcU9DSWVDSWh4bmZEVTJjbkhkMTNOb1VUVWF5R3RhbEVuSkY3S1RzMnFYeTByClBqcFBGa1UwU042YXRDT2ZlQmpKLzVoVkpFMTh6bFcrTjcvR2UxNDRtbzI5L1dKWHczVDN1UzRVZlp0Y213cTAKRHRtNDFpa1RUcC9IY0lDWnQvVmlSL2dYai9DcHVCeDFpaXVNeVZJQmthTTYrM1krSE9NZkp3QWQzSHgzbWlYQgpaRGdiL1hrQ0YwM3NxMWVzM1pLVnlzMWtyVDVpRWE3dXZObFFCSTdPMlNmOFc2VzJPeGx1b0RlZ1ByMjQzTm9qCm96TzI2RWRadEVnTWpMejdTRDV1ZVp6ejUrVE5Lc2E2OWJlOWtvWUFuSDJoKzdYaFhqV0VUeE10eG5jV1Z2b0kKWHZmVC96ZDRCVGdZMUduSndFa3g5RWVDQXJCdFlqZTJaOEtSOFl2bnFYK2NqdmNNR1RhU0NheG1FTkV1enBRUApsU1Q1eHYvUUNpY2l3YXo1N2crTy9nTndzOXRlZ0psNjIvWmIwZTIvS1lIVnM4NFZMa24wVFoxTjRodnRvaGhhCnpBMG5QeVpNSXZ2UUJueGh0NnV2cE8wN1A0UUhFNnpEdTdQN3VBQUJUWlJ6RnVpcURKWkRKV3VSQWI3c3hYTisKV0IzUlRXTHlUZ3VTa0VBNGtablhUNDg2aDNaRHFwZGdXeUtseE5tMWpxcmNycjB5cmtGdXJzeGc0bE8wMjh4dAo4bkFrWGhQZjdJQjlXSTZiTktRZUxGeC9XMWlwRzlYOVdvRDFDdm14Z2FYT2cwZkNSNCtTdThFOE9Gem94b1lBCndjODdUMEl2MWtSU3NxNEtvcElRaGF0NgotLS0tLUVORCBDRVJUSUZJQ0FURS0tLS0tCg==\n    client-key-data: LS0tLS1CRUdJTiBSU0EgUFJJVkFURSBLRVktLS0tLQpNSUlKS1FJQkFBS0NBZ0VBd1JZQU5lR3pJZi9tV1BZaG9iOEViVjNVYjlkUVBlTVJvc1hKUW15ZXFjTDBGV2VyCjhNSjFub1RHRjhtK2RvRHZMdXZTWTl6cmg0eTgwUVltZngwcGwzNER2WE5LL1Y4WWdhUlhUcTFYcmZVTkV2eUEKa0tNcUxhMWUzL2lzOU9ST3BCOG13Z2VFcHluVzlINW1RVXdsZVlyVWV1Q0JYL2J6d3gxVWlhclJjcmFxNnlaWAplVzBUZ3o4MGErK1lmWUZUSlRnNnp5RXNvQmZOTW4xWlZKZFNKMXZTck92eTNVUjhEYmQ2RjZRZEZRZWN2aVl1ClVQc0V5T2tPUU1rNTNWOTJzVnFTZm8zRmZ1T3p0Z2NmNllKRHc1V3Nnc0REbU4wQmt5VW9GUnZRbldUM1NlVkkKdEdUMkM2eE05WEJGQW1Sa3RlVzU1SHdla01ReWRRTE5zMDMrcnJReG1QUS9abDluZHBwemQzMVUrYlBJZUJQdQoxc1NYUGUrb2Z6VER2cHNKNmwrbWVQZUgyRjZMV29ha1Z2d0ZXQkhGTlZvWWZUbkZCc2RhdUZCMTlaMUVrOTFpCkNjaC9oU0drUW1zdkFiQ3A4VWJWVGhVVG9EYXprMnRKU2g1OWozdEJIVk94UmJKOVE3Y1ZuVkg5c0dQdENyVnkKWmVIWDJIc1pQYmVZNnVybzVqOXhiS3NCSERMME9wNVlhdU5nT0t5VVRsY1hXZmFZMTZ3Wkkydm9VdU1uZlBqdAp1VlJOZGZHR3I0QWJVQ2MydG5mSWFHc3JVaUJvWWg3K214dFIvZWtNcko0N0VDMU9COVVoZHhoSzJoNW5tVG43ClZRekx1V25TRm5JZU8wUno3L3l5TVFnMGNOWExma0FtT3phQndhdTBzYnQxOVFzcklrQmNaZGxXaHZjQ0F3RUEKQVFLQ0FnQUVxdE9reng0RmpOOS9EVmdMeGwwYU13SHZGWDBrT2RNVHp3UjBrc0UvdmtMVEtreUpoeWNtVy9SRAozL0JoZ2ZBR0tpb2k3WDlUVS9vVHlBL0hLU2ZORGRLVHA1cWc4WnNGNEkzc1lodno5d1ZJRFFyTjN1Wjc4SUc4CndwQ1ZETmhxZHR4T0pXQzEvN2krbm8yUE40TFNZM2VMdVlDTWJDRHIrYVN3L1Ria2pIalRoL3VRL1FEVFBvUmcKWURiSFFJaUhlNS81b01ZbzM5cHB4WVk5YnJqMjB1MDVROWQ4MzJwcmxIWDRPMU1wVG5sTXBBbjJQWDNFbmltUQozd0d0NXdzQjhpYXlDM0JDTWNreGRiajJRVEZYenN3NjVEajJLWHJLYnBsVTcvVmFKZllrOXZkaEc1aFNUajhWClVicEJVQXhGS2dFLzAzdVRxVUp2cEtVMGw5dmlSMjRsVzREdXUwdTU4WUdaLzEvR0pRb3hBSDFtd2ZWZEx6OWMKZHhYQ2p0Mlh1WHVka240a3pQcWlEengyM3c2cXFCRGlSUFladGkxbzVBY09STThhQjNoaTlhVWkwbUtRUThoYwpHN3JGWmtrNSs4NG1FbFNVWWx6U28zSzBvQ0RWaXhja1d0NFQxaHdVNHAxT1J3SmV3a3duUTU4R01WTVBRazJmCmNPelV3UE5sYy95ZXRxU2hqOWFUdlcyT3B6eUg5TkZaeGRGR0I1QnpoV2YrcnRRT3FwNXJ0VFcrcXNUajU3d0oKR1k0b2U0OE5BRGxaZTg2cDdkZGdqUGkvUTdHNHZ0N1RaM3VxSk4yZWp6b3pCdHkxSDNiVTlsU2g3YzlsZjJBMgp0ZFRBZEFvc3RhQldnWmhib2VocVRCdFgyNXk5MTNrdkhuUEpTdnQ1Y0R3a2RVenplUUtDQVFFQTcvczFuY0o0Ck1YSkllWktvejFWQUw2QjVYZnVIYms0VFNnK0dLeStnK3NtNTVDb2VRQXVBSzFiWU12cW10ODNlZkdJeTVoYlQKeUQxdWVZRkpRUHZUQVBMZ0s4VWZGSXdWV1Y1NlUyVUh1Vm1udVplU1JkOE9PYmNhTkVndER0eG5ySGVQdTEvRword05MWkg2YVZsUUxUZFpLVzFoM21yZzVlT2FHTHdBejFQYnpOMktWVC9EZExEcVZwT09qd09nek5hUDdIZEF1ClgycU80cDJhdXg1MjJRQlpUQ0ozTXFyZmV4WHFXVHdqbGV1OHBrWWRtQ2xwTlE2aXltNGU2bEZ1WFJCRXI4RFIKZnc2VzhLOXBkVFpidkNrcHZHaXZiMEVLdzRPSERzR2VtY0FWSlhSejROQkNzV0RlZWI2bzlvcmliakpkK2VYMgoyc3ZyWitMeFNMbTZXUUtDQVFFQXpmbHlFclJFV3hQZlQ2NUhzY2VRNEpCR0J3anpmWmF2SStGQkNkMktGN08zCjNRSi82OEZNeVpWMlhOZmNrVzJUZTQwaC9YRFFiTDR0Y1gyWS9ZaVkrR3JYaVduR3FiVTVSSGZsSE1xRmFycWEKV0o2R1JRTjlnRndjODZ0dFdVeGVkNmZKcDR2b05mRG9abjFWdVl0Mm1YVEt5TnVjU213bTJ0ZEVKTjl3bFR2cwpaZHEvUENSd25ZQnMrc0U2WTEvK0l1SndtNHk4aTFWUzJ5elNITEtydnpYdFA3SDg2U3lDNm5wd1lOOEJvTDlECmhGNlpZOVNSN0o3dDVUT043RVZibXRDS2tsUHp4a2lWVzVWRWl6dTErUnFnVWpIeEYycHJuMjZFRWFjUU1LWEkKU2Y3dnFoZlhlMjRRdXJGZnV2cW1iaXhYYklYVGtHMG15Vm9TNmhLQnp3S0NBUUVBek9YYi9YclJUTWFiQXRJcAp0L3k5OU93N00vZFN4dWQ2cUwxZ2ZQY0pwNWNkVktaeGRaVmNOYVRNcTVvL1JxaEwwaisxM2FhWDVGd3ZPeWNiCitKUUtzTUN1ampDY1BOcnVUNFBQUmV6NUQxUnhWSkVKbndhNENxYy9oR3dycklpYkxESlpVazZRZ2pscDRjQUcKM3JhYmdEWDYvc3NtTThBZnNnNkJleGZkS1hSQWJZV0tudHEwdk5LNGVqU3kyRDVwbXQ4THhZUytVMUdUOWdGQwozNGsvU0VCMy9mMWZjSzljYUtkcGxBODVBd1JuNmovcmZNTyt4RUplMUIvNTNXN3hvQndIeVZnRWgwdFpyTjdZClYrKzFtNDQ1eUZoSmtlQWk1SlFrZUlEd2ZhMzNZQ2R4MlAxNE5DTFZVWFZzcGpRbTZKZXdqWEcvdDBodEVpSSsKaVMycTRRS0NBUUFjMnM0Vk9yVzh3SnJ2RWE0dmhKS1NNd1BzWmwrZC8yY0hzcjJtd1NkZ1RLZjhTU1pjZzViYgpRcG56UmJZN2xVc3M2c2VSTnFXc0pqUTlpdWZNMUw4QlJnNXR6S2l0QzVzN01VU2lkT2lkM0FoVlU5ZmhnU3lxCnQ3ekNrZ2hla3lsRXYvZXJCaG1BdlFBQm81dEh3L2JZWnBrbDdFWUgwd0RhZFgreFhxL3A2QndrNUxFWG5zODcKOFVyVEVoQzQ3VEN2K0dMb0Y1NHVNc1RKdVl5eHdvSDI1bm9YQ3pzdit6Rlg0ZEV1Y085TWNwN2x3MDdmd2w2eQo5RXpGYUNTQXJmSzRUSEN0TVIrY2JueWwrTkpDWXhvS0RLWGEvZTRWWnE0dkJvOXYzYVNSL0JlRDdqZnE3eTRiCnQzNldlTlM5WC9IQ3kybHY1WXVPMXd1dzkzSmc0ampYQW9JQkFRRHI2bUl2czVhdXNVMlVHUDFCb0RYSmxjWksKcmFkdm80M2xaNGRabFoxSnEzSjBFU25STzBNZ09Ca3FpVjRqZjZCUUlJTEJTY051TUVMT1JVU0FOc0drSXhuawpPNko4ekF6OU83OXpZS1JpVkh6WjRtS0JkUjFVeW5LZzBjNml6aFBMQkVYOW9hb1FtRC84YWZJTStVQWdSa290ClpjU0lGSGxWanh1SjB2Y0U4ckpMZlBRcWg0amJZR2dtSHlXUS9oR2NlTGQwZ0JpQTFMUmlQQUtqdFlSQlNJckkKT2gzUHpJdDBvUW5PeGJCNmtuQzhGU0lXeHlsdWhpU2Q4S3llS2xDdXRiWk03cmR5UWZxWlFLM0hEeXJSZ3c0ZApzWC9pTmVsS0diM2NBbC9BR0tqOWMzdVExV0piendNN0NFbjFNQTBuYktlWW5MYTRpMGdleHBGMWxiMDgKLS0tLS1FTkQgUlNBIFBSSVZBVEUgS0VZLS0tLS0K\n    token: nlce6hdfh2j8b1m1wwg682wglwyy48g1h5o1mhtliix139p23ozuz53kvsu0xe130sziey153ii1ayk736dxl3ewktsowscsxkkvogum4kr3yek8fjerttnwdu4x8oi8\n",
            "kubelet_identity": [
              {
                "client_id": "954daa92-5c34-4e96-b981-157b388dfd3b",
                "object_id": "06454e47-07eb-4418-a24b-f30836ae9af6",
                "user_assigned_identity_id": "/subscriptions/3f48a398-9208-4440-a19d-dad6871f363c/resourceGroups/MC_youtube-aks-rg_youtube-aks_ukwest/providers/Microsoft.ManagedIdentity/userAssignedIdentities/youtube-aks-agentpool"
              }
            ],
            "kubernetes_version": "1.32",
            "linux_profile": [],
            "local_account_disabled": false,
            "location": "ukwest",
            "maintenance_window": [],
            "maintenance_window_auto_upgrade": [],
            "maintenance_window_node_os": [],
            "microsoft_defender": [],
            "monitor_metrics": [],
            "name": "youtube-aks",
            "network_profile": [
              {
                "dns_service_ip": "10.1.0.10",
                "ip_versions": [
                  "IPv4"
                ],
                "load_balancer_profile": [
                  {
                    "backend_pool_type": "NodeIPConfiguration",
                    "effective_outbound_ips": [
                      "/subscriptions/3f48a398-9208-4440-a19d-dad6871f363c/resourceGroups/MC_youtube-aks-rg_youtube-aks_ukwest/providers/Microsoft.Network/publicIPAddresses/d556f3fe-eaef-4e20-b42e-65aeb3471464"
                    ],
                    "idle_timeout_in_minutes": 0,
                    "managed_outbound_ip_count": 1,
                    "managed_outbound_ipv6_count": 0,
                    "outbound_ip_address_ids": [],
                    "outbound_ip_prefix_ids": [],
                    "outbound_ports_allocated": 0
                  }
                ],
                "load_balancer_sku": "standard",
                "nat_gateway_profile": [],
                "network_data_plane": "azure",
                "network_mode": "",
                "network_plugin": "azure",
                "network_plugin_mode": "",
                "network_policy": "",
                "outbound_type": "loadBalancer",
                "pod_cidr": "",
                "pod_cidrs": [],
                "service_cidr": "10.1.0.0/16",
                "service_cidrs": [
                  "10.1.0.0/16"
                ]
              }
            ],
            "node_os_upgrade_channel": "NodeImage",
            "node_resource_group": "MC_youtube-aks-rg_youtube-aks_ukwest",
            "node_resource_group_id": "/subscriptions/3f48a398-9208-4440-a19d-dad6871f363c/resourceGroups/MC_youtube-aks-rg_youtube-aks_ukwest",
            "oidc_issuer_enabled": true,
            "oidc_issuer_url": "https://ukwest.oic.prod-aks.azure.com/9b27635d-ecd2-42d0-ad86-a68e2d7a1273/6d9ef6e2-b378-4979-a03b-4aea7569040b/",
            "oms_agent": [],
            "open_service_mesh_enabled": null,
            "portal_fqdn": "youtube-3wf73dcd.portal.hcp.ukwest.azmk8s.io",
            "private_cluster_enabled": false,
            "private_cluster_public_fqdn_enabled": false,
            "private_dns_zone_id": "",
            "private_fqdn": "",
            "resource_group_name": "youtube-aks-rg",
            "role_based_access_control_enabled": true,
            "run_command_enabled": true,
            "service_mesh_profile": [],
            "service_principal": [],
            "sku_tier": "Free",
            "storage_profile": [],
            "support_plan": "KubernetesOfficial",
            "tags": {},
            "timeouts": null,
            "upgrade_override": [],
            "web_app_routing": [],
            "windows_profile": [
              {
                "admin_password": "",
                "admin_username": "azureuser",
                "gmsa": [],
                "license": ""
              }
            ],
            "workload_autoscaler_profile": [],
            "workload_identity_enabled": false
          },
          "sensitive_attributes": [
            [
              {
                "type": "get_attr",
                "value": "kube_config_raw"
              }
            ],
            [
              {
                "type": "get_attr",
                "value": "kube_admin_config"
              }
            ],
            [
              {
                "type": "get_attr",
                "value": "kube_config"
              }
            ],
            [
              {
                "type": "get_attr",
                "value": "windows_profile"
              },
              {
                "type": "index",
                "value": {
                  "value": 0,
                  "type": "number"
                }
              },
              {
                "type": "get_attr",
                "value": "admin_password"
              }
            ],
            [
              {
                "type": "get_attr",
                "value": "kube_admin_config_raw"
              }
            ]
          ],
          "private": "eyJlMmJmYjczMC1lY2FhLTExZTYtOGY4OC0zNDM2M2JjN2M0YzAiOnsiY3JlYXRlIjo1NDAwMDAwMDAwMDAwLCJkZWxldGUiOjU0MDAwMDAwMDAwMDAsInJlYWQiOjMwMDAwMDAwMDAwMCwidXBkYXRlIjo1NDAwMDAwMDAwMDAwfSwic2NoZW1hX3ZlcnNpb24iOiIyIn0=",
          "dependencies": [
            "module.aks.azurerm_user_assigned_identity.uami",
            "module.network.azurerm_subnet.aks_subnet",
            "module.network.azurerm_virtual_network.vnet"
          ]
        }
      ]
    },
    {
      "module": "module.aks",
      "mode": "managed",
      "type": "azurerm_user_assigned_identity",
      "name": "uami",
      "provider": "provider[\"registry.terraform.io/hashicorp/azurerm\"]",
      "instances": [
        {
          "schema_version": 1,
          "attributes": {
            "client_id": "b0142744-26af-4063-bd6c-467a4137b66e",
            "id": "/subscriptions/3f48a398-9208-4440-a19d-dad6871f363c/resourceGroups/youtube-aks-rg/providers/Microsoft.ManagedIdentity/userAssignedIdentities/youtube-aks-uami",
            "location": "ukwest",
            "name": "youtube-aks-uami",
            "principal_id": "84a1cba9-51af-4eb1-8f18-9bb3cfec6a70",
            "resource_group_name": "youtube-aks-rg",
            "tags": {},
            "tenant_id": "9b27635d-ecd2-42d0-ad86-a68e2d7a1273",
            "timeouts": null
          },
          "sensitive_attributes": [],
          "private": "eyJlMmJmYjczMC1lY2FhLTExZTYtOGY4OC0zNDM2M2JjN2M0YzAiOnsiY3JlYXRlIjoxODAwMDAwMDAwMDAwLCJkZWxldGUiOjE4MDAwMDAwMDAwMDAsInJlYWQiOjMwMDAwMDAwMDAwMCwidXBkYXRlIjoxODAwMDAwMDAwMDAwfSwic2NoZW1hX3ZlcnNpb24iOiIxIn0="
        }
      ]
    },
    {
      "module": "module.argocd",
      "mode": "managed",
      "type": "helm_release",
      "name": "argocd",
      "provider": "provider[\"registry.terraform.io/hashicorp/helm\"]",
      "instances": [
        {
          "schema_version": 1,
          "attributes": {
            "atomic": false,
            "chart": "argo-cd",
            "cleanup_on_fail": false,
            "create_namespace": true,
            "dependency_update": false,
            "description": null,
            "devel": null,
            "disable_crd_hooks": false,
            "disable_openapi_validation": false,
            "disable_webhooks": false,
            "force_update": false,
            "id": "argocd",
            "keyring": null,
            "lint": false,
            "manifest": null,
            "max_history": 0,
            "metadata": [
              {
                "app_version": "v2.6.3",
                "chart": "argo-cd",
                "first_deployed": 1754221790,
                "last_deployed": 1754221790,
                "name": "argocd",
                "namespace": "argocd",
                "notes": "\nDEPRECATED option server.extraArgs.\"--insecure\" - Use configs.params.server.insecure\n\nIn order to access the server UI you have the following options:\n\n1. kubectl port-forward service/argocd-server -n argocd 8080:443\n\n    and then open the browser on http://localhost:8080 and accept the certificate\n\n2. enable ingress in the values file `server.ingress.enabled` and either\n      - Add the annotation for ssl passthrough: https://argo-cd.readthedocs.io/en/stable/operator-manual/ingress/#option-1-ssl-passthrough\n      - Set the `configs.params.\"server.insecure\"` in the values file and terminate SSL at your ingress: https://argo-cd.readthedocs.io/en/stable/operator-manual/ingress/#option-2-multiple-ingress-objects-and-hosts\n\n\nAfter reaching the UI the first time you can login with username: admin and the random password generated during the installation. You can find the password by running:\n\nkubectl -n argocd get secret argocd-initial-admin-secret -o jsonpath=\"{.data.password}\" | base64 -d\n\n(You should delete the initial secret afterwards as suggested by the Getting Started Guide: https://argo-cd.readthedocs.io/en/stable/getting_started/#4-login-using-the-cli)\n",
                "revision": 1,
                "values": "{\"server\":{\"extraArgs\":[\"--insecure\"],\"ingress\":{\"annotations\":{\"cert-manager.io/cluster-issuer\":\"letsencrypt-prod\"},\"enabled\":true,\"hosts\":[\"argocd.guled.co.uk\"],\"ingressClassName\":\"nginx\",\"tls\":[{\"hosts\":[\"argocd.guled.co.uk\"],\"secretName\":\"argocd-tls\"}]},\"service\":{\"port\":443,\"targetPort\":8080}}}",
                "version": "5.24.1"
              }
            ],
            "name": "argocd",
            "namespace": "argocd",
            "pass_credentials": false,
            "postrender": [],
            "recreate_pods": false,
            "render_subchart_notes": true,
            "replace": false,
            "repository": "https://argoproj.github.io/argo-helm",
            "repository_ca_file": null,
            "repository_cert_file": null,
            "repository_key_file": null,
            "repository_password": null,
            "repository_username": null,
            "reset_values": false,
            "reuse_values": false,
            "set": [],
            "set_list": [],
            "set_sensitive": [],
            "skip_crds": false,
            "status": "deployed",
            "timeout": 600,
            "upgrade_install": null,
            "values": [
              "server:\r\n  ingress:\r\n    enabled: true\r\n    ingressClassName: nginx\r\n    annotations:\r\n      cert-manager.io/cluster-issuer: letsencrypt-prod\r\n    hosts:\r\n      - argocd.guled.co.uk\r\n    tls:\r\n      - hosts:\r\n          - argocd.guled.co.uk\r\n        secretName: argocd-tls\r\n  service:\r\n    port: 443\r\n    targetPort: 8080  \r\n  extraArgs:\r\n    - --insecure       "
            ],
            "verify": false,
            "version": "5.24.1",
            "wait": true,
            "wait_for_jobs": false
          },
          "sensitive_attributes": [
            [
              {
                "type": "get_attr",
                "value": "repository_password"
              }
            ]
          ],
          "private": "eyJzY2hlbWFfdmVyc2lvbiI6IjEifQ==",
          "dependencies": [
            "module.acr.azurerm_container_registry.acr",
            "module.aks.azurerm_kubernetes_cluster.aks",
            "module.aks.azurerm_user_assigned_identity.uami",
            "module.argocd.kubernetes_namespace.argocd",
            "module.certmanager.helm_release.cert_manager",
            "module.certmanager.kubectl_manifest.cluster_issuer",
            "module.certmanager.kubernetes_namespace.cert_manager",
            "module.certmanager.kubernetes_secret.cloudflare_api_token_certmanager",
            "module.certmanager.kubernetes_secret.cloudflare_api_token_default",
            "module.ingress.data.kubernetes_service.nginx_ingress_controller",
            "module.ingress.helm_release.nginx_ingress",
            "module.ingress.kubernetes_namespace.ingress",
            "module.network.azurerm_subnet.aks_subnet",
            "module.network.azurerm_virtual_network.vnet"
          ]
        }
      ]
    },
    {
      "module": "module.argocd",
      "mode": "managed",
      "type": "kubectl_manifest",
      "name": "app_of_apps",
      "provider": "provider[\"registry.terraform.io/gavinbunney/kubectl\"]",
      "instances": [
        {
          "schema_version": 1,
          "attributes": {
            "api_version": "argoproj.io/v1alpha1",
            "apply_only": false,
            "force_conflicts": false,
            "force_new": false,
            "id": "/apis/argoproj.io/v1alpha1/namespaces/argocd/applications/app-of-apps",
            "ignore_fields": null,
            "kind": "Application",
            "live_manifest_incluster": "a2c3fb9477f1bc0d7e52c9315b56d9a2d8b232ebd5f2327d3e304b4882523d9c",
            "live_uid": "0b5f5ed7-d9e8-4617-be9a-b9103d1c1844",
            "name": "app-of-apps",
            "namespace": "argocd",
            "override_namespace": null,
            "sensitive_fields": null,
            "server_side_apply": false,
            "timeouts": null,
            "uid": "0b5f5ed7-d9e8-4617-be9a-b9103d1c1844",
            "validate_schema": true,
            "wait": null,
            "wait_for_rollout": true,
            "yaml_body": "apiVersion: argoproj.io/v1alpha1\r\nkind: Application\r\nmetadata:\r\n  name: app-of-apps\r\n  namespace: argocd\r\nspec:\r\n  project: default\r\n  source:\r\n    repoURL: https://github.com/Guled-Mahamud/aks-youtube-clone\r\n    targetRevision: HEAD\r\n    path: k8s-manifests/apps\r\n  destination:\r\n    server: https://kubernetes.default.svc\r\n    namespace: default\r\n  syncPolicy:\r\n    automated:\r\n      prune: true\r\n      selfHeal: true\r\n\r\n",
            "yaml_body_parsed": "apiVersion: argoproj.io/v1alpha1\nkind: Application\nmetadata:\n  name: app-of-apps\n  namespace: argocd\nspec:\n  destination:\n    namespace: default\n    server: https://kubernetes.default.svc\n  project: default\n  source:\n    path: k8s-manifests/apps\n    repoURL: https://github.com/Guled-Mahamud/aks-youtube-clone\n    targetRevision: HEAD\n  syncPolicy:\n    automated:\n      prune: true\n      selfHeal: true\n",
            "yaml_incluster": "a2c3fb9477f1bc0d7e52c9315b56d9a2d8b232ebd5f2327d3e304b4882523d9c"
          },
          "sensitive_attributes": [
            [
              {
                "type": "get_attr",
                "value": "live_manifest_incluster"
              }
            ],
            [
              {
                "type": "get_attr",
                "value": "yaml_body"
              }
            ],
            [
              {
                "type": "get_attr",
                "value": "yaml_incluster"
              }
            ]
          ],
          "private": "eyJlMmJmYjczMC1lY2FhLTExZTYtOGY4OC0zNDM2M2JjN2M0YzAiOnsiY3JlYXRlIjo2MDAwMDAwMDAwMDB9LCJzY2hlbWFfdmVyc2lvbiI6IjEifQ==",
          "dependencies": [
            "module.acr.azurerm_container_registry.acr",
            "module.aks.azurerm_kubernetes_cluster.aks",
            "module.aks.azurerm_user_assigned_identity.uami",
            "module.argocd.helm_release.argocd",
            "module.argocd.kubernetes_namespace.argocd",
            "module.certmanager.helm_release.cert_manager",
            "module.certmanager.kubectl_manifest.cluster_issuer",
            "module.certmanager.kubernetes_namespace.cert_manager",
            "module.certmanager.kubernetes_secret.cloudflare_api_token_certmanager",
            "module.certmanager.kubernetes_secret.cloudflare_api_token_default",
            "module.ingress.data.kubernetes_service.nginx_ingress_controller",
            "module.ingress.helm_release.nginx_ingress",
            "module.ingress.kubernetes_namespace.ingress",
            "module.network.azurerm_subnet.aks_subnet",
            "module.network.azurerm_virtual_network.vnet"
          ]
        }
      ]
    },
    {
      "module": "module.argocd",
      "mode": "managed",
      "type": "kubernetes_namespace",
      "name": "argocd",
      "provider": "provider[\"registry.terraform.io/hashicorp/kubernetes\"]",
      "instances": [
        {
          "schema_version": 0,
          "attributes": {
            "id": "argocd",
            "metadata": [
              {
                "annotations": null,
                "generate_name": "",
                "generation": 0,
                "labels": null,
                "name": "argocd",
                "resource_version": "4398",
                "uid": "bf47dea6-7813-4747-9780-8b6a1bf04387"
              }
            ],
            "timeouts": null,
            "wait_for_default_service_account": false
          },
          "sensitive_attributes": [],
          "private": "eyJlMmJmYjczMC1lY2FhLTExZTYtOGY4OC0zNDM2M2JjN2M0YzAiOnsiZGVsZXRlIjozMDAwMDAwMDAwMDB9fQ==",
          "dependencies": [
            "module.acr.azurerm_container_registry.acr",
            "module.aks.azurerm_kubernetes_cluster.aks",
            "module.aks.azurerm_user_assigned_identity.uami",
            "module.certmanager.helm_release.cert_manager",
            "module.certmanager.kubectl_manifest.cluster_issuer",
            "module.certmanager.kubernetes_namespace.cert_manager",
            "module.certmanager.kubernetes_secret.cloudflare_api_token_certmanager",
            "module.certmanager.kubernetes_secret.cloudflare_api_token_default",
            "module.ingress.data.kubernetes_service.nginx_ingress_controller",
            "module.ingress.helm_release.nginx_ingress",
            "module.ingress.kubernetes_namespace.ingress",
            "module.network.azurerm_subnet.aks_subnet",
            "module.network.azurerm_virtual_network.vnet"
          ]
        }
      ]
    },
    {
      "module": "module.certmanager",
      "mode": "managed",
      "type": "helm_release",
      "name": "cert_manager",
      "provider": "provider[\"registry.terraform.io/hashicorp/helm\"]",
      "instances": [
        {
          "schema_version": 1,
          "attributes": {
            "atomic": false,
            "chart": "cert-manager",
            "cleanup_on_fail": false,
            "create_namespace": false,
            "dependency_update": false,
            "description": null,
            "devel": null,
            "disable_crd_hooks": false,
            "disable_openapi_validation": false,
            "disable_webhooks": false,
            "force_update": false,
            "id": "cert-manager",
            "keyring": null,
            "lint": false,
            "manifest": null,
            "max_history": 0,
            "metadata": [
              {
                "app_version": "v1.13.3",
                "chart": "cert-manager",
                "first_deployed": 1754221749,
                "last_deployed": 1754221749,
                "name": "cert-manager",
                "namespace": "cert-manager",
                "notes": "cert-manager v1.13.3 has been deployed successfully!\n\nIn order to begin issuing certificates, you will need to set up a ClusterIssuer\nor Issuer resource (for example, by creating a 'letsencrypt-staging' issuer).\n\nMore information on the different types of issuers and how to configure them\ncan be found in our documentation:\n\nhttps://cert-manager.io/docs/configuration/\n\nFor information on how to configure cert-manager to automatically provision\nCertificates for Ingress resources, take a look at the `ingress-shim`\ndocumentation:\n\nhttps://cert-manager.io/docs/usage/ingress/\n",
                "revision": 1,
                "values": "{\"ingressShim\":{\"defaultIssuerGroup\":\"cert-manager.io\",\"defaultIssuerKind\":\"ClusterIssuer\",\"defaultIssuerName\":\"letsencrypt-prod\"},\"installCRDs\":true}",
                "version": "v1.13.3"
              }
            ],
            "name": "cert-manager",
            "namespace": "cert-manager",
            "pass_credentials": false,
            "postrender": [],
            "recreate_pods": false,
            "render_subchart_notes": true,
            "replace": false,
            "repository": "https://charts.jetstack.io",
            "repository_ca_file": null,
            "repository_cert_file": null,
            "repository_key_file": null,
            "repository_password": null,
            "repository_username": null,
            "reset_values": false,
            "reuse_values": false,
            "set": [],
            "set_list": [],
            "set_sensitive": [],
            "skip_crds": false,
            "status": "deployed",
            "timeout": 300,
            "upgrade_install": null,
            "values": [
              "installCRDs: true\r\n\r\ningressShim:\r\n  defaultIssuerName: \"letsencrypt-prod\"\r\n  defaultIssuerKind: \"ClusterIssuer\"\r\n  defaultIssuerGroup: \"cert-manager.io\"\r\n"
            ],
            "verify": false,
            "version": "v1.13.3",
            "wait": true,
            "wait_for_jobs": false
          },
          "sensitive_attributes": [
            [
              {
                "type": "get_attr",
                "value": "repository_password"
              }
            ]
          ],
          "private": "eyJzY2hlbWFfdmVyc2lvbiI6IjEifQ==",
          "dependencies": [
            "module.acr.azurerm_container_registry.acr",
            "module.aks.azurerm_kubernetes_cluster.aks",
            "module.aks.azurerm_user_assigned_identity.uami",
            "module.certmanager.kubernetes_namespace.cert_manager",
            "module.ingress.data.kubernetes_service.nginx_ingress_controller",
            "module.ingress.helm_release.nginx_ingress",
            "module.ingress.kubernetes_namespace.ingress",
            "module.network.azurerm_subnet.aks_subnet",
            "module.network.azurerm_virtual_network.vnet"
          ]
        }
      ]
    },
    {
      "module": "module.certmanager",
      "mode": "managed",
      "type": "kubectl_manifest",
      "name": "cluster_issuer",
      "provider": "provider[\"registry.terraform.io/gavinbunney/kubectl\"]",
      "instances": [
        {
          "schema_version": 1,
          "attributes": {
            "api_version": "cert-manager.io/v1",
            "apply_only": false,
            "force_conflicts": false,
            "force_new": false,
            "id": "/apis/cert-manager.io/v1/clusterissuers/letsencrypt-prod",
            "ignore_fields": null,
            "kind": "ClusterIssuer",
            "live_manifest_incluster": "8acd99ca350901a6536b3c6fb17a7c84cd8451fc70131ed91151dd9e40559830",
            "live_uid": "70711d7c-14ec-4379-8077-0e84879e9e92",
            "name": "letsencrypt-prod",
            "namespace": null,
            "override_namespace": null,
            "sensitive_fields": null,
            "server_side_apply": false,
            "timeouts": null,
            "uid": "70711d7c-14ec-4379-8077-0e84879e9e92",
            "validate_schema": true,
            "wait": null,
            "wait_for_rollout": true,
            "yaml_body": "apiVersion: cert-manager.io/v1\r\nkind: ClusterIssuer\r\nmetadata:\r\n  name: letsencrypt-prod\r\nspec:\r\n  acme:\r\n    email: guledm92@hotmail.co.uk\r\n    server: https://acme-v02.api.letsencrypt.org/directory\r\n    privateKeySecretRef:\r\n      name: letsencrypt-prod-private-key\r\n    solvers:\r\n      - dns01:\r\n          cloudflare:\r\n            email: guledm92@hotmail.co.uk\r\n            apiTokenSecretRef:\r\n              name: cloudflare-api-token-secret\r\n              key: api-token\r\n",
            "yaml_body_parsed": "apiVersion: cert-manager.io/v1\nkind: ClusterIssuer\nmetadata:\n  name: letsencrypt-prod\nspec:\n  acme:\n    email: guledm92@hotmail.co.uk\n    privateKeySecretRef:\n      name: letsencrypt-prod-private-key\n    server: https://acme-v02.api.letsencrypt.org/directory\n    solvers:\n    - dns01:\n        cloudflare:\n          apiTokenSecretRef:\n            key: api-token\n            name: cloudflare-api-token-secret\n          email: guledm92@hotmail.co.uk\n",
            "yaml_incluster": "8acd99ca350901a6536b3c6fb17a7c84cd8451fc70131ed91151dd9e40559830"
          },
          "sensitive_attributes": [
            [
              {
                "type": "get_attr",
                "value": "live_manifest_incluster"
              }
            ],
            [
              {
                "type": "get_attr",
                "value": "yaml_incluster"
              }
            ],
            [
              {
                "type": "get_attr",
                "value": "yaml_body"
              }
            ]
          ],
          "private": "eyJlMmJmYjczMC1lY2FhLTExZTYtOGY4OC0zNDM2M2JjN2M0YzAiOnsiY3JlYXRlIjo2MDAwMDAwMDAwMDB9LCJzY2hlbWFfdmVyc2lvbiI6IjEifQ==",
          "dependencies": [
            "module.acr.azurerm_container_registry.acr",
            "module.aks.azurerm_kubernetes_cluster.aks",
            "module.aks.azurerm_user_assigned_identity.uami",
            "module.certmanager.helm_release.cert_manager",
            "module.certmanager.kubernetes_namespace.cert_manager",
            "module.ingress.data.kubernetes_service.nginx_ingress_controller",
            "module.ingress.helm_release.nginx_ingress",
            "module.ingress.kubernetes_namespace.ingress",
            "module.network.azurerm_subnet.aks_subnet",
            "module.network.azurerm_virtual_network.vnet"
          ]
        }
      ]
    },
    {
      "module": "module.certmanager",
      "mode": "managed",
      "type": "kubernetes_namespace",
      "name": "cert_manager",
      "provider": "provider[\"registry.terraform.io/hashicorp/kubernetes\"]",
      "instances": [
        {
          "schema_version": 0,
          "attributes": {
            "id": "cert-manager",
            "metadata": [
              {
                "annotations": null,
                "generate_name": "",
                "generation": 0,
                "labels": null,
                "name": "cert-manager",
                "resource_version": "3535",
                "uid": "796f9b51-2d31-475c-9fcf-fb16d3bc1b6c"
              }
            ],
            "timeouts": null,
            "wait_for_default_service_account": false
          },
          "sensitive_attributes": [],
          "private": "eyJlMmJmYjczMC1lY2FhLTExZTYtOGY4OC0zNDM2M2JjN2M0YzAiOnsiZGVsZXRlIjozMDAwMDAwMDAwMDB9fQ=="
        }
      ]
    },
    {
      "module": "module.certmanager",
      "mode": "managed",
      "type": "kubernetes_secret",
      "name": "cloudflare_api_token_certmanager",
      "provider": "provider[\"registry.terraform.io/hashicorp/kubernetes\"]",
      "instances": [
        {
          "schema_version": 0,
          "attributes": {
            "binary_data": null,
            "binary_data_wo": null,
            "binary_data_wo_revision": null,
            "data": {
              "api-token": "jwIKa24pduySoGH4APFChFdsWoRlB3vITVp8D31a"
            },
            "data_wo": null,
            "data_wo_revision": null,
            "id": "cert-manager/cloudflare-api-token-secret",
            "immutable": false,
            "metadata": [
              {
                "annotations": null,
                "generate_name": "",
                "generation": 0,
                "labels": null,
                "name": "cloudflare-api-token-secret",
                "namespace": "cert-manager",
                "resource_version": "3538",
                "uid": "68132f3a-aec7-40bc-8704-398444bd5584"
              }
            ],
            "timeouts": null,
            "type": "Opaque",
            "wait_for_service_account_token": true
          },
          "sensitive_attributes": [
            [
              {
                "type": "get_attr",
                "value": "binary_data"
              }
            ],
            [
              {
                "type": "get_attr",
                "value": "data"
              }
            ],
            [
              {
                "type": "get_attr",
                "value": "data"
              },
              {
                "type": "index",
                "value": {
                  "value": "api-token",
                  "type": "string"
                }
              }
            ]
          ],
          "private": "eyJlMmJmYjczMC1lY2FhLTExZTYtOGY4OC0zNDM2M2JjN2M0YzAiOnsiY3JlYXRlIjo2MDAwMDAwMDAwMH19"
        }
      ]
    },
    {
      "module": "module.certmanager",
      "mode": "managed",
      "type": "kubernetes_secret",
      "name": "cloudflare_api_token_default",
      "provider": "provider[\"registry.terraform.io/hashicorp/kubernetes\"]",
      "instances": [
        {
          "schema_version": 0,
          "attributes": {
            "binary_data": null,
            "binary_data_wo": null,
            "binary_data_wo_revision": null,
            "data": {
              "api-token": "jwIKa24pduySoGH4APFChFdsWoRlB3vITVp8D31a"
            },
            "data_wo": null,
            "data_wo_revision": null,
            "id": "default/cloudflare-api-token-secret",
            "immutable": false,
            "metadata": [
              {
                "annotations": null,
                "generate_name": "",
                "generation": 0,
                "labels": null,
                "name": "cloudflare-api-token-secret",
                "namespace": "default",
                "resource_version": "3534",
                "uid": "ab2a71c6-8e64-467d-88c9-7d5fc7e08148"
              }
            ],
            "timeouts": null,
            "type": "Opaque",
            "wait_for_service_account_token": true
          },
          "sensitive_attributes": [
            [
              {
                "type": "get_attr",
                "value": "binary_data"
              }
            ],
            [
              {
                "type": "get_attr",
                "value": "data"
              }
            ],
            [
              {
                "type": "get_attr",
                "value": "data"
              },
              {
                "type": "index",
                "value": {
                  "value": "api-token",
                  "type": "string"
                }
              }
            ]
          ],
          "private": "eyJlMmJmYjczMC1lY2FhLTExZTYtOGY4OC0zNDM2M2JjN2M0YzAiOnsiY3JlYXRlIjo2MDAwMDAwMDAwMH19"
        }
      ]
    },
    {
      "module": "module.ingress",
      "mode": "data",
      "type": "kubernetes_service",
      "name": "nginx_ingress_controller",
      "provider": "provider[\"registry.terraform.io/hashicorp/kubernetes\"]",
      "instances": [
        {
          "schema_version": 0,
          "attributes": {
            "id": "ingress-nginx/ingress-nginx-controller",
            "metadata": [
              {
                "annotations": {},
                "generation": 0,
                "labels": {},
                "name": "ingress-nginx-controller",
                "namespace": "ingress-nginx",
                "resource_version": "",
                "uid": ""
              }
            ],
            "spec": null,
            "status": null
          },
          "sensitive_attributes": []
        }
      ]
    },
    {
      "module": "module.ingress",
      "mode": "managed",
      "type": "helm_release",
      "name": "nginx_ingress",
      "provider": "provider[\"registry.terraform.io/hashicorp/helm\"]",
      "instances": [
        {
          "schema_version": 1,
          "attributes": {
            "atomic": false,
            "chart": "ingress-nginx",
            "cleanup_on_fail": false,
            "create_namespace": false,
            "dependency_update": false,
            "description": null,
            "devel": null,
            "disable_crd_hooks": false,
            "disable_openapi_validation": false,
            "disable_webhooks": false,
            "force_update": false,
            "id": "nginx-ingress",
            "keyring": null,
            "lint": false,
            "manifest": null,
            "max_history": 0,
            "metadata": [
              {
                "app_version": "1.10.0",
                "chart": "ingress-nginx",
                "first_deployed": 1754221710,
                "last_deployed": 1754221710,
                "name": "nginx-ingress",
                "namespace": "ingress-nginx",
                "notes": "The ingress-nginx controller has been installed.\nIt may take a few minutes for the load balancer IP to be available.\nYou can watch the status by running 'kubectl get service --namespace ingress-nginx nginx-ingress-ingress-nginx-controller --output wide --watch'\n\nAn example Ingress that makes use of the controller:\n  apiVersion: networking.k8s.io/v1\n  kind: Ingress\n  metadata:\n    name: example\n    namespace: foo\n  spec:\n    ingressClassName: nginx\n    rules:\n      - host: www.example.com\n        http:\n          paths:\n            - pathType: Prefix\n              backend:\n                service:\n                  name: exampleService\n                  port:\n                    number: 80\n              path: /\n    # This section is only required if TLS is to be enabled for the Ingress\n    tls:\n      - hosts:\n        - www.example.com\n        secretName: example-tls\n\nIf TLS is enabled for the Ingress, a Secret containing the certificate and key must also be provided:\n\n  apiVersion: v1\n  kind: Secret\n  metadata:\n    name: example-tls\n    namespace: foo\n  data:\n    tls.crt: \u003cbase64 encoded cert\u003e\n    tls.key: \u003cbase64 encoded key\u003e\n  type: kubernetes.io/tls\n",
                "revision": 1,
                "values": "{\"controller\":{\"ingressClass\":\"nginx\",\"ingressClassResource\":{\"enabled\":true,\"name\":\"nginx\"},\"metrics\":{\"enabled\":true},\"nodeSelector\":{},\"service\":{\"annotations\":{\"service.beta.kubernetes.io/azure-load-balancer-health-probe-request-path\":\"/healthz\"},\"loadBalancerIP\":\"\"},\"tolerations\":[]}}",
                "version": "4.10.0"
              }
            ],
            "name": "nginx-ingress",
            "namespace": "ingress-nginx",
            "pass_credentials": false,
            "postrender": [],
            "recreate_pods": false,
            "render_subchart_notes": true,
            "replace": false,
            "repository": "https://kubernetes.github.io/ingress-nginx",
            "repository_ca_file": null,
            "repository_cert_file": null,
            "repository_key_file": null,
            "repository_password": null,
            "repository_username": null,
            "reset_values": false,
            "reuse_values": false,
            "set": [],
            "set_list": [],
            "set_sensitive": [],
            "skip_crds": false,
            "status": "deployed",
            "timeout": 300,
            "upgrade_install": null,
            "values": [
              "controller:\r\n  ingressClassResource:\r\n    name: nginx\r\n    enabled: true\r\n  service:\r\n    annotations:\r\n      service.beta.kubernetes.io/azure-load-balancer-health-probe-request-path: /healthz\r\n    loadBalancerIP: \"\"  \r\n  ingressClass: nginx\r\n  metrics:\r\n    enabled: true\r\n  nodeSelector: {}\r\n  tolerations: []"
            ],
            "verify": false,
            "version": "4.10.0",
            "wait": true,
            "wait_for_jobs": false
          },
          "sensitive_attributes": [
            [
              {
                "type": "get_attr",
                "value": "repository_password"
              }
            ]
          ],
          "private": "eyJzY2hlbWFfdmVyc2lvbiI6IjEifQ==",
          "dependencies": [
            "module.acr.azurerm_container_registry.acr",
            "module.aks.azurerm_kubernetes_cluster.aks",
            "module.aks.azurerm_user_assigned_identity.uami",
            "module.ingress.kubernetes_namespace.ingress",
            "module.network.azurerm_subnet.aks_subnet",
            "module.network.azurerm_virtual_network.vnet"
          ]
        }
      ]
    },
    {
      "module": "module.ingress",
      "mode": "managed",
      "type": "kubernetes_namespace",
      "name": "ingress",
      "provider": "provider[\"registry.terraform.io/hashicorp/kubernetes\"]",
      "instances": [
        {
          "schema_version": 0,
          "attributes": {
            "id": "ingress-nginx",
            "metadata": [
              {
                "annotations": null,
                "generate_name": "",
                "generation": 0,
                "labels": null,
                "name": "ingress-nginx",
                "resource_version": "3726",
                "uid": "64451a2a-71d1-4db7-9600-f9eac4f4aa3a"
              }
            ],
            "timeouts": null,
            "wait_for_default_service_account": false
          },
          "sensitive_attributes": [],
          "private": "eyJlMmJmYjczMC1lY2FhLTExZTYtOGY4OC0zNDM2M2JjN2M0YzAiOnsiZGVsZXRlIjozMDAwMDAwMDAwMDB9fQ==",
          "dependencies": [
            "module.acr.azurerm_container_registry.acr",
            "module.aks.azurerm_kubernetes_cluster.aks",
            "module.aks.azurerm_user_assigned_identity.uami",
            "module.network.azurerm_subnet.aks_subnet",
            "module.network.azurerm_virtual_network.vnet"
          ]
        }
      ]
    },
    {
      "module": "module.monitoring",
      "mode": "managed",
      "type": "kubernetes_namespace",
      "name": "monitoring",
      "provider": "provider[\"registry.terraform.io/hashicorp/kubernetes\"]",
      "instances": [
        {
          "schema_version": 0,
          "attributes": {
            "id": "monitoring",
            "metadata": [
              {
                "annotations": null,
                "generate_name": "",
                "generation": 0,
                "labels": null,
                "name": "monitoring",
                "resource_version": "4042",
                "uid": "3b4a19dc-9e3d-47af-ae6c-1081ca28b48b"
              }
            ],
            "timeouts": null,
            "wait_for_default_service_account": false
          },
          "sensitive_attributes": [],
          "private": "eyJlMmJmYjczMC1lY2FhLTExZTYtOGY4OC0zNDM2M2JjN2M0YzAiOnsiZGVsZXRlIjozMDAwMDAwMDAwMDB9fQ==",
          "dependencies": [
            "module.acr.azurerm_container_registry.acr",
            "module.aks.azurerm_kubernetes_cluster.aks",
            "module.aks.azurerm_user_assigned_identity.uami",
            "module.ingress.data.kubernetes_service.nginx_ingress_controller",
            "module.ingress.helm_release.nginx_ingress",
            "module.ingress.kubernetes_namespace.ingress",
            "module.network.azurerm_subnet.aks_subnet",
            "module.network.azurerm_virtual_network.vnet"
          ]
        }
      ]
    },
    {
      "module": "module.network",
      "mode": "managed",
      "type": "azurerm_subnet",
      "name": "aks_subnet",
      "provider": "provider[\"registry.terraform.io/hashicorp/azurerm\"]",
      "instances": [
        {
          "schema_version": 0,
          "attributes": {
            "address_prefixes": [
              "10.0.1.0/24"
            ],
            "default_outbound_access_enabled": true,
            "delegation": [],
            "id": "/subscriptions/3f48a398-9208-4440-a19d-dad6871f363c/resourceGroups/youtube-aks-rg/providers/Microsoft.Network/virtualNetworks/youtube-vnet/subnets/aks-subnet",
            "ip_address_pool": [],
            "name": "aks-subnet",
            "private_endpoint_network_policies": "Disabled",
            "private_link_service_network_policies_enabled": true,
            "resource_group_name": "youtube-aks-rg",
            "service_endpoint_policy_ids": [],
            "service_endpoints": [],
            "timeouts": null,
            "virtual_network_name": "youtube-vnet"
          },
          "sensitive_attributes": [],
          "private": "eyJlMmJmYjczMC1lY2FhLTExZTYtOGY4OC0zNDM2M2JjN2M0YzAiOnsiY3JlYXRlIjoxODAwMDAwMDAwMDAwLCJkZWxldGUiOjE4MDAwMDAwMDAwMDAsInJlYWQiOjMwMDAwMDAwMDAwMCwidXBkYXRlIjoxODAwMDAwMDAwMDAwfX0=",
          "dependencies": [
            "module.network.azurerm_virtual_network.vnet"
          ]
        }
      ]
    },
    {
      "module": "module.network",
      "mode": "managed",
      "type": "azurerm_virtual_network",
      "name": "vnet",
      "provider": "provider[\"registry.terraform.io/hashicorp/azurerm\"]",
      "instances": [
        {
          "schema_version": 0,
          "attributes": {
            "address_space": [
              "10.0.0.0/16"
            ],
            "bgp_community": "",
            "ddos_protection_plan": [],
            "dns_servers": [],
            "edge_zone": "",
            "encryption": [],
            "flow_timeout_in_minutes": 0,
            "guid": "d8057ebf-8c03-45c6-b6e4-5bcf88047f8a",
            "id": "/subscriptions/3f48a398-9208-4440-a19d-dad6871f363c/resourceGroups/youtube-aks-rg/providers/Microsoft.Network/virtualNetworks/youtube-vnet",
            "ip_address_pool": [],
            "location": "ukwest",
            "name": "youtube-vnet",
            "private_endpoint_vnet_policies": "Disabled",
            "resource_group_name": "youtube-aks-rg",
            "subnet": [
              {
                "address_prefixes": [
                  "10.0.1.0/24"
                ],
                "default_outbound_access_enabled": true,
                "delegation": [],
                "id": "/subscriptions/3f48a398-9208-4440-a19d-dad6871f363c/resourceGroups/youtube-aks-rg/providers/Microsoft.Network/virtualNetworks/youtube-vnet/subnets/aks-subnet",
                "name": "aks-subnet",
                "private_endpoint_network_policies": "Disabled",
                "private_link_service_network_policies_enabled": true,
                "route_table_id": "",
                "security_group": "",
                "service_endpoint_policy_ids": [],
                "service_endpoints": []
              }
            ],
            "tags": {},
            "timeouts": null
          },
          "sensitive_attributes": [],
          "private": "eyJlMmJmYjczMC1lY2FhLTExZTYtOGY4OC0zNDM2M2JjN2M0YzAiOnsiY3JlYXRlIjoxODAwMDAwMDAwMDAwLCJkZWxldGUiOjE4MDAwMDAwMDAwMDAsInJlYWQiOjMwMDAwMDAwMDAwMCwidXBkYXRlIjoxODAwMDAwMDAwMDAwfX0="
        }
      ]
    }
  ],
  "check_results": null
}
